
Microsoft Visual Studio Solution File, Format Version 12.00
# Visual Studio Version 16
VisualStudioVersion = 16.0.29709.97
MinimumVisualStudioVersion = 10.0.40219.1
Project("{FAE04EC0-301F-11D3-BF4B-00C04F79EFBC}") = "LloydsPharmacy", "LloydsPharmacy\LloydsPharmacy.csproj", "{C96B1BAE-98D7-451D-9B86-A50A8297654F}"
EndProject
Global
	GlobalSection(SolutionConfigurationPlatforms) = preSolution
		Debug|Any CPU = Debug|Any CPU
		Release|Any CPU = Release|Any CPU
	EndGlobalSection
	GlobalSection(ProjectConfigurationPlatforms) = postSolution
		{C96B1BAE-98D7-451D-9B86-A50A8297654F}.Debug|Any CPU.ActiveCfg = Debug|Any CPU
		{C96B1BAE-98D7-451D-9B86-A50A8297654F}.Debug|Any CPU.Build.0 = Debug|Any CPU
		{C96B1BAE-98D7-451D-9B86-A50A8297654F}.Release|Any CPU.ActiveCfg = Release|Any CPU
		{C96B1BAE-98D7-451D-9B86-A50A8297654F}.Release|Any CPU.Build.0 = Release|Any CPU
	EndGlobalSection
	GlobalSection(SolutionProperties) = preSolution
		HideSolutionNode = FALSE
	EndGlobalSection
	GlobalSection(ExtensibilityGlobals) = postSolution
		SolutionGuid = {5CBFAC9C-8DDE-4596-93C2-52D9FD88FCB1}
	EndGlobalSection
EndGlobal
