
Microsoft Visual Studio Solution File, Format Version 12.00
# Visual Studio 15
VisualStudioVersion = 15.0.27703.2035
MinimumVisualStudioVersion = 10.0.40219.1
Project("{FAE04EC0-301F-11D3-BF4B-00C04F79EFBC}") = "CarlinMotorRepairs", "CarlinMotorRepairs\CarlinMotorRepairs.csproj", "{24022721-5121-4786-8BD8-73EB624E7313}"
EndProject
Global
	GlobalSection(SolutionConfigurationPlatforms) = preSolution
		Debug|Any CPU = Debug|Any CPU
		Release|Any CPU = Release|Any CPU
	EndGlobalSection
	GlobalSection(ProjectConfigurationPlatforms) = postSolution
		{24022721-5121-4786-8BD8-73EB624E7313}.Debug|Any CPU.ActiveCfg = Debug|Any CPU
		{24022721-5121-4786-8BD8-73EB624E7313}.Debug|Any CPU.Build.0 = Debug|Any CPU
		{24022721-5121-4786-8BD8-73EB624E7313}.Release|Any CPU.ActiveCfg = Release|Any CPU
		{24022721-5121-4786-8BD8-73EB624E7313}.Release|Any CPU.Build.0 = Release|Any CPU
	EndGlobalSection
	GlobalSection(SolutionProperties) = preSolution
		HideSolutionNode = FALSE
	EndGlobalSection
	GlobalSection(ExtensibilityGlobals) = postSolution
		SolutionGuid = {AEF09BA6-C5CD-4255-8842-DB1F9BCF2CFF}
	EndGlobalSection
EndGlobal
